PODS:
  - Alamofire (5.4.3)
  - CTMediator (46)
  - Kingfisher (5.13.4):
    - Kingfisher/Core (= 5.13.4)
  - Kingfisher/Core (5.13.4)
  - MJRefresh (3.3.1)
  - RxSwift (5.0.1)
  - SnapKit (5.0.1)
  - SwiftyJSON (5.0.1)

DEPENDENCIES:
  - Alamofire (~> 5.4.1)
  - CTMediator
  - Kingfisher (~> 5.13.2)
  - MJRefresh (~> 3.3.1)
  - RxSwift (~> 5.0.0)
  - SnapKit (~> 5.0.1)
  - SwiftyJSON (~> 5.0.0)

SPEC REPOS:
  trunk:
    - Alamofire
    - CTMediator
    - Kingfisher
    - MJRefresh
    - RxSwift
    - SnapKit
    - SwiftyJSON

SPEC CHECKSUMS:
  Alamofire: e447a2774a40c996748296fa2c55112fdbbc42f9
  CTMediator: f1cf58d509fb3192086c367711f039efd769b907
  Kingfisher: d2279a7abece3c7f25a80cd2b7f363ca5cf3f44c
  MJRefresh: eeda70fbf0ad277f3178cef1cd0c3532591d6237
  RxSwift: e2dc62b366a3adf6a0be44ba9f405efd4c94e0c4
  SnapKit: 97b92857e3df3a0c71833cce143274bf6ef8e5eb
  SwiftyJSON: 2f33a42c6fbc52764d96f13368585094bfd8aa5e

PODFILE CHECKSUM: 6aad11e7ece5d6d0c07e95faa3e02d14fa092287

COCOAPODS: 1.9.1
